
Microsoft Visual Studio Solution File, Format Version 12.00
# Visual Studio 2013
VisualStudioVersion = 12.0.21005.1
MinimumVisualStudioVersion = 10.0.40219.1
Project("{FAE04EC0-301F-11D3-BF4B-00C04F79EFBC}") = "Quiron.LojaVirtual.Dominio", "Quiron.LojaVirtual.Dominio\Quiron.LojaVirtual.Dominio.csproj", "{B8699389-379E-4DA6-8E76-FF78DFB2C6B9}"
EndProject
Project("{FAE04EC0-301F-11D3-BF4B-00C04F79EFBC}") = "Quiron.LojaVirtual.Web", "Quiron.LojaVirtual.Web\Quiron.LojaVirtual.Web.csproj", "{080A2AA9-01C4-4717-BA6C-B35419F30143}"
EndProject
Project("{FAE04EC0-301F-11D3-BF4B-00C04F79EFBC}") = "Quiron.LojaVirtual.UnitTest", "Quiron.LojaVirtual.UnitTest\Quiron.LojaVirtual.UnitTest.csproj", "{D30D1F83-75C0-4E50-BB47-4B98F5D448A0}"
EndProject
Global
	GlobalSection(SolutionConfigurationPlatforms) = preSolution
		Debug|Any CPU = Debug|Any CPU
		Release|Any CPU = Release|Any CPU
	EndGlobalSection
	GlobalSection(ProjectConfigurationPlatforms) = postSolution
		{B8699389-379E-4DA6-8E76-FF78DFB2C6B9}.Debug|Any CPU.ActiveCfg = Debug|Any CPU
		{B8699389-379E-4DA6-8E76-FF78DFB2C6B9}.Debug|Any CPU.Build.0 = Debug|Any CPU
		{B8699389-379E-4DA6-8E76-FF78DFB2C6B9}.Release|Any CPU.ActiveCfg = Release|Any CPU
		{B8699389-379E-4DA6-8E76-FF78DFB2C6B9}.Release|Any CPU.Build.0 = Release|Any CPU
		{080A2AA9-01C4-4717-BA6C-B35419F30143}.Debug|Any CPU.ActiveCfg = Debug|Any CPU
		{080A2AA9-01C4-4717-BA6C-B35419F30143}.Debug|Any CPU.Build.0 = Debug|Any CPU
		{080A2AA9-01C4-4717-BA6C-B35419F30143}.Release|Any CPU.ActiveCfg = Release|Any CPU
		{080A2AA9-01C4-4717-BA6C-B35419F30143}.Release|Any CPU.Build.0 = Release|Any CPU
		{D30D1F83-75C0-4E50-BB47-4B98F5D448A0}.Debug|Any CPU.ActiveCfg = Debug|Any CPU
		{D30D1F83-75C0-4E50-BB47-4B98F5D448A0}.Debug|Any CPU.Build.0 = Debug|Any CPU
		{D30D1F83-75C0-4E50-BB47-4B98F5D448A0}.Release|Any CPU.ActiveCfg = Release|Any CPU
		{D30D1F83-75C0-4E50-BB47-4B98F5D448A0}.Release|Any CPU.Build.0 = Release|Any CPU
	EndGlobalSection
	GlobalSection(SolutionProperties) = preSolution
		HideSolutionNode = FALSE
	EndGlobalSection
EndGlobal
